
Microsoft Visual Studio Solution File, Format Version 12.00
# Visual Studio Version 16
VisualStudioVersion = 16.0.29215.179
MinimumVisualStudioVersion = 10.0.40219.1
Project("{FAE04EC0-301F-11D3-BF4B-00C04F79EFBC}") = "Modul01_HelloWorld", "HelloWorld\Modul01_HelloWorld.csproj", "{E4D23692-6A7C-451D-B9F4-A6B69BC29561}"
EndProject
Project("{FAE04EC0-301F-11D3-BF4B-00C04F79EFBC}") = "Lab01_MiniRechner", "MiniRechner\Lab01_MiniRechner.csproj", "{A7A30202-34C9-45B8-BE76-F96E1BFB98DE}"
EndProject
Project("{FAE04EC0-301F-11D3-BF4B-00C04F79EFBC}") = "Modul02.1_Kontrollstrukturen", "Kontrollstrukturen\Modul02.1_Kontrollstrukturen.csproj", "{618AB31E-0DA4-47E7-8921-AB400EE58E59}"
EndProject
Project("{FAE04EC0-301F-11D3-BF4B-00C04F79EFBC}") = "Modul02.2_Zufallszahlenuebung", "Zufallszahlenuebung\Modul02.2_Zufallszahlenuebung.csproj", "{5A95F4CC-59B5-48AC-AFBE-C292330C3F47}"
EndProject
Project("{FAE04EC0-301F-11D3-BF4B-00C04F79EFBC}") = "Lab02_Lotto", "Uebung02_Lotto\Lab02_Lotto.csproj", "{1E94DC93-5EDF-4753-92C8-B78980706EFD}"
EndProject
Project("{FAE04EC0-301F-11D3-BF4B-00C04F79EFBC}") = "Modul03.1_Enumeratoren", "Enumeratoren\Modul03.1_Enumeratoren.csproj", "{4EB9DB0F-6C95-4E22-A724-E232397F4891}"
EndProject
Project("{FAE04EC0-301F-11D3-BF4B-00C04F79EFBC}") = "Modul03.2_Funktionen", "Funktionen\Modul03.2_Funktionen.csproj", "{8C8467B4-F123-4D73-A1CC-FD049CD553FA}"
EndProject
Project("{FAE04EC0-301F-11D3-BF4B-00C04F79EFBC}") = "Lab03_Taschenrechner", "Taschenrechner\Lab03_Taschenrechner.csproj", "{25902F41-9F0A-4229-9A29-426B1B35C99D}"
EndProject
Project("{FAE04EC0-301F-11D3-BF4B-00C04F79EFBC}") = "Modul04f.1Fahrzeugpark", "Fahrzeugpark\Modul04f.1Fahrzeugpark.csproj", "{D8F7899B-7117-4324-A403-F5681A338C4F}"
EndProject
Project("{FAE04EC0-301F-11D3-BF4B-00C04F79EFBC}") = "Modul04f.2_TesteFahrzeugpark", "TesteFahrzeugpark\Modul04f.2_TesteFahrzeugpark.csproj", "{E54A822F-DAD3-43D4-B4AB-D90BFE1BDF6B}"
EndProject
Global
	GlobalSection(SolutionConfigurationPlatforms) = preSolution
		Debug|Any CPU = Debug|Any CPU
		Release|Any CPU = Release|Any CPU
	EndGlobalSection
	GlobalSection(ProjectConfigurationPlatforms) = postSolution
		{E4D23692-6A7C-451D-B9F4-A6B69BC29561}.Debug|Any CPU.ActiveCfg = Debug|Any CPU
		{E4D23692-6A7C-451D-B9F4-A6B69BC29561}.Debug|Any CPU.Build.0 = Debug|Any CPU
		{E4D23692-6A7C-451D-B9F4-A6B69BC29561}.Release|Any CPU.ActiveCfg = Release|Any CPU
		{E4D23692-6A7C-451D-B9F4-A6B69BC29561}.Release|Any CPU.Build.0 = Release|Any CPU
		{A7A30202-34C9-45B8-BE76-F96E1BFB98DE}.Debug|Any CPU.ActiveCfg = Debug|Any CPU
		{A7A30202-34C9-45B8-BE76-F96E1BFB98DE}.Debug|Any CPU.Build.0 = Debug|Any CPU
		{A7A30202-34C9-45B8-BE76-F96E1BFB98DE}.Release|Any CPU.ActiveCfg = Release|Any CPU
		{A7A30202-34C9-45B8-BE76-F96E1BFB98DE}.Release|Any CPU.Build.0 = Release|Any CPU
		{618AB31E-0DA4-47E7-8921-AB400EE58E59}.Debug|Any CPU.ActiveCfg = Debug|Any CPU
		{618AB31E-0DA4-47E7-8921-AB400EE58E59}.Debug|Any CPU.Build.0 = Debug|Any CPU
		{618AB31E-0DA4-47E7-8921-AB400EE58E59}.Release|Any CPU.ActiveCfg = Release|Any CPU
		{618AB31E-0DA4-47E7-8921-AB400EE58E59}.Release|Any CPU.Build.0 = Release|Any CPU
		{5A95F4CC-59B5-48AC-AFBE-C292330C3F47}.Debug|Any CPU.ActiveCfg = Debug|Any CPU
		{5A95F4CC-59B5-48AC-AFBE-C292330C3F47}.Debug|Any CPU.Build.0 = Debug|Any CPU
		{5A95F4CC-59B5-48AC-AFBE-C292330C3F47}.Release|Any CPU.ActiveCfg = Release|Any CPU
		{5A95F4CC-59B5-48AC-AFBE-C292330C3F47}.Release|Any CPU.Build.0 = Release|Any CPU
		{1E94DC93-5EDF-4753-92C8-B78980706EFD}.Debug|Any CPU.ActiveCfg = Debug|Any CPU
		{1E94DC93-5EDF-4753-92C8-B78980706EFD}.Debug|Any CPU.Build.0 = Debug|Any CPU
		{1E94DC93-5EDF-4753-92C8-B78980706EFD}.Release|Any CPU.ActiveCfg = Release|Any CPU
		{1E94DC93-5EDF-4753-92C8-B78980706EFD}.Release|Any CPU.Build.0 = Release|Any CPU
		{4EB9DB0F-6C95-4E22-A724-E232397F4891}.Debug|Any CPU.ActiveCfg = Debug|Any CPU
		{4EB9DB0F-6C95-4E22-A724-E232397F4891}.Debug|Any CPU.Build.0 = Debug|Any CPU
		{4EB9DB0F-6C95-4E22-A724-E232397F4891}.Release|Any CPU.ActiveCfg = Release|Any CPU
		{4EB9DB0F-6C95-4E22-A724-E232397F4891}.Release|Any CPU.Build.0 = Release|Any CPU
		{8C8467B4-F123-4D73-A1CC-FD049CD553FA}.Debug|Any CPU.ActiveCfg = Debug|Any CPU
		{8C8467B4-F123-4D73-A1CC-FD049CD553FA}.Debug|Any CPU.Build.0 = Debug|Any CPU
		{8C8467B4-F123-4D73-A1CC-FD049CD553FA}.Release|Any CPU.ActiveCfg = Release|Any CPU
		{8C8467B4-F123-4D73-A1CC-FD049CD553FA}.Release|Any CPU.Build.0 = Release|Any CPU
		{25902F41-9F0A-4229-9A29-426B1B35C99D}.Debug|Any CPU.ActiveCfg = Debug|Any CPU
		{25902F41-9F0A-4229-9A29-426B1B35C99D}.Debug|Any CPU.Build.0 = Debug|Any CPU
		{25902F41-9F0A-4229-9A29-426B1B35C99D}.Release|Any CPU.ActiveCfg = Release|Any CPU
		{25902F41-9F0A-4229-9A29-426B1B35C99D}.Release|Any CPU.Build.0 = Release|Any CPU
		{D8F7899B-7117-4324-A403-F5681A338C4F}.Debug|Any CPU.ActiveCfg = Debug|Any CPU
		{D8F7899B-7117-4324-A403-F5681A338C4F}.Debug|Any CPU.Build.0 = Debug|Any CPU
		{D8F7899B-7117-4324-A403-F5681A338C4F}.Release|Any CPU.ActiveCfg = Release|Any CPU
		{D8F7899B-7117-4324-A403-F5681A338C4F}.Release|Any CPU.Build.0 = Release|Any CPU
		{E54A822F-DAD3-43D4-B4AB-D90BFE1BDF6B}.Debug|Any CPU.ActiveCfg = Debug|Any CPU
		{E54A822F-DAD3-43D4-B4AB-D90BFE1BDF6B}.Debug|Any CPU.Build.0 = Debug|Any CPU
		{E54A822F-DAD3-43D4-B4AB-D90BFE1BDF6B}.Release|Any CPU.ActiveCfg = Release|Any CPU
		{E54A822F-DAD3-43D4-B4AB-D90BFE1BDF6B}.Release|Any CPU.Build.0 = Release|Any CPU
	EndGlobalSection
	GlobalSection(SolutionProperties) = preSolution
		HideSolutionNode = FALSE
	EndGlobalSection
	GlobalSection(ExtensibilityGlobals) = postSolution
		SolutionGuid = {C276B952-A799-4CA1-9B09-FC6AF6F7593C}
	EndGlobalSection
EndGlobal
